
Microsoft Visual Studio Solution File, Format Version 12.00
# Visual Studio 14
VisualStudioVersion = 14.0.25420.1
MinimumVisualStudioVersion = 10.0.40219.1
Project("{FAE04EC0-301F-11D3-BF4B-00C04F79EFBC}") = "Task1.Logic", "Task1.Logic\Task1.Logic.csproj", "{53825787-3ADE-4123-8B44-385CE7246399}"
EndProject
Project("{FAE04EC0-301F-11D3-BF4B-00C04F79EFBC}") = "Task1.Logic.Tests", "Task1.Logic.Tests\Task1.Logic.Tests.csproj", "{DEA36E96-A9C8-4336-AF75-E237A7500B45}"
EndProject
Project("{2150E333-8FDC-42A3-9474-1A3956D46DE8}") = "Solution Items", "Solution Items", "{5A84A038-67F4-462F-A733-0F75135C5D41}"
	ProjectSection(SolutionItems) = preProject
		README.md = README.md
	EndProjectSection
EndProject
Project("{FAE04EC0-301F-11D3-BF4B-00C04F79EFBC}") = "Task2.Logic", "Task2.Logic\Task2.Logic.csproj", "{AA9DB3B7-2B38-4D80-9455-4ED06B9A54D5}"
EndProject
Project("{FAE04EC0-301F-11D3-BF4B-00C04F79EFBC}") = "Task2.Logic.Tests", "Task2.Logic.Tests\Task2.Logic.Tests.csproj", "{3D88B545-56D7-4035-BCFC-CDBC833C7F12}"
EndProject
Global
	GlobalSection(SolutionConfigurationPlatforms) = preSolution
		Debug|Any CPU = Debug|Any CPU
		Release|Any CPU = Release|Any CPU
	EndGlobalSection
	GlobalSection(ProjectConfigurationPlatforms) = postSolution
		{53825787-3ADE-4123-8B44-385CE7246399}.Debug|Any CPU.ActiveCfg = Debug|Any CPU
		{53825787-3ADE-4123-8B44-385CE7246399}.Debug|Any CPU.Build.0 = Debug|Any CPU
		{53825787-3ADE-4123-8B44-385CE7246399}.Release|Any CPU.ActiveCfg = Release|Any CPU
		{53825787-3ADE-4123-8B44-385CE7246399}.Release|Any CPU.Build.0 = Release|Any CPU
		{DEA36E96-A9C8-4336-AF75-E237A7500B45}.Debug|Any CPU.ActiveCfg = Debug|Any CPU
		{DEA36E96-A9C8-4336-AF75-E237A7500B45}.Debug|Any CPU.Build.0 = Debug|Any CPU
		{DEA36E96-A9C8-4336-AF75-E237A7500B45}.Release|Any CPU.ActiveCfg = Release|Any CPU
		{DEA36E96-A9C8-4336-AF75-E237A7500B45}.Release|Any CPU.Build.0 = Release|Any CPU
		{AA9DB3B7-2B38-4D80-9455-4ED06B9A54D5}.Debug|Any CPU.ActiveCfg = Debug|Any CPU
		{AA9DB3B7-2B38-4D80-9455-4ED06B9A54D5}.Debug|Any CPU.Build.0 = Debug|Any CPU
		{AA9DB3B7-2B38-4D80-9455-4ED06B9A54D5}.Release|Any CPU.ActiveCfg = Release|Any CPU
		{AA9DB3B7-2B38-4D80-9455-4ED06B9A54D5}.Release|Any CPU.Build.0 = Release|Any CPU
		{3D88B545-56D7-4035-BCFC-CDBC833C7F12}.Debug|Any CPU.ActiveCfg = Debug|Any CPU
		{3D88B545-56D7-4035-BCFC-CDBC833C7F12}.Debug|Any CPU.Build.0 = Debug|Any CPU
		{3D88B545-56D7-4035-BCFC-CDBC833C7F12}.Release|Any CPU.ActiveCfg = Release|Any CPU
		{3D88B545-56D7-4035-BCFC-CDBC833C7F12}.Release|Any CPU.Build.0 = Release|Any CPU
	EndGlobalSection
	GlobalSection(SolutionProperties) = preSolution
		HideSolutionNode = FALSE
	EndGlobalSection
EndGlobal
